{
  "name": "@futura/virtual-dom",
  "version": "0.4.0-alpha.9",
  "lockfileVersion": 1,
  "requires": true,
  "dependencies": {
    "@types/core-js": {
      "version": "2.5.2",
      "resolved": "https://registry.npmjs.org/@types/core-js/-/core-js-2.5.2.tgz",
      "integrity": "sha512-+NPqjXgyA02xTHKJDeDca9u8Zr42ts6jhdND4C3PrPeQ35RJa0dmfAedXW7a9K4N1QcBbuWI1nSfGK4r1eVFCQ=="
    },
    "core-js": {
      "version": "3.2.1",
      "resolved": "https://registry.npmjs.org/core-js/-/core-js-3.2.1.tgz",
      "integrity": "sha512-Qa5XSVefSVPRxy2XfUC13WbvqkxhkwB3ve+pgCQveNgYzbM/UxZeu1dcOX/xr4UmfUd+muuvsaxilQzCyUurMw=="
    }
  }
}
